<?xml version="1.0" encoding="utf-8"?>
<Project ToolsVersion="17.0" xmlns="http://schemas.microsoft.com/developer/msbuild/2003">
  <ItemGroup>
    <ClCompile Include="D:\project-render\tools\archicad28\src\archicad_livelink_addon.cpp">
      <Filter>Source Files</Filter>
    </ClCompile>
    <ClCompile Include="D:\project-render\tools\archicad28\src\archicad_livelink_pipe_client.cpp">
      <Filter>Source Files</Filter>
    </ClCompile>
  </ItemGroup>
  <ItemGroup>
    <ClInclude Include="D:\project-render\tools\archicad28\src\archicad_livelink_pipe_client.h">
      <Filter>Header Files</Filter>
    </ClInclude>
    <ClInclude Include="D:\project-render\tools\archicad28\src\resources.hpp">
      <Filter>Header Files</Filter>
    </ClInclude>
  </ItemGroup>
  <ItemGroup>
    <CustomBuild Include="D:\project-render\tools\archicad28\CMakeLists.txt" />
  </ItemGroup>
  <ItemGroup>
    <Filter Include="Header Files">
      <UniqueIdentifier>{C25CE269-4F1E-3C2E-9DF5-247140E02F66}</UniqueIdentifier>
    </Filter>
    <Filter Include="Source Files">
      <UniqueIdentifier>{0302B0E2-E183-3C00-8418-A2DC8552613D}</UniqueIdentifier>
    </Filter>
  </ItemGroup>
</Project>
