<?xml version="1.0" encoding="utf-8"?>
<Project ToolsVersion="17.0" xmlns="http://schemas.microsoft.com/developer/msbuild/2003">
  <ItemGroup>
    <ClCompile Include="D:\project-render\tools\3dsmax2025\src\max_livelink_pipe_client.cpp">
      <Filter>Source Files</Filter>
    </ClCompile>
    <ClCompile Include="D:\project-render\tools\3dsmax2025\src\max_livelink_utility.cpp">
      <Filter>Source Files</Filter>
    </ClCompile>
  </ItemGroup>
  <ItemGroup>
    <CustomBuild Include="D:\project-render\tools\3dsmax2025\CMakeLists.txt" />
  </ItemGroup>
  <ItemGroup>
    <Filter Include="Source Files">
      <UniqueIdentifier>{3158816C-DAEC-3C19-8C76-6DD7FAE3F3C5}</UniqueIdentifier>
    </Filter>
  </ItemGroup>
</Project>
